
Microsoft Visual Studio Solution File, Format Version 12.00
# Visual Studio Version 17
VisualStudioVersion = 17.12.35527.113 d17.12
MinimumVisualStudioVersion = 10.0.40219.1
Project("{FAE04EC0-301F-11D3-BF4B-00C04F79EFBC}") = "Api", "Api.csproj", "{54C95532-CC55-4F0F-BE93-C5E5E3154B6C}"
EndProject
Project("{FAE04EC0-301F-11D3-BF4B-00C04F79EFBC}") = "Core", "Core\Core.csproj", "{DECD37BE-FBAC-4648-BC7E-F2B14BC65CB3}"
EndProject
Project("{FAE04EC0-301F-11D3-BF4B-00C04F79EFBC}") = "Repository", "Repository\Repository.csproj", "{0638A890-2468-49CC-B3CB-0EDCEC53D694}"
EndProject
Project("{FAE04EC0-301F-11D3-BF4B-00C04F79EFBC}") = "Services", "Services\Services.csproj", "{BD0AE947-1750-4FF6-8768-C137164ECC74}"
EndProject
Global
	GlobalSection(SolutionConfigurationPlatforms) = preSolution
		Debug|Any CPU = Debug|Any CPU
		Release|Any CPU = Release|Any CPU
	EndGlobalSection
	GlobalSection(ProjectConfigurationPlatforms) = postSolution
		{54C95532-CC55-4F0F-BE93-C5E5E3154B6C}.Debug|Any CPU.ActiveCfg = Debug|Any CPU
		{54C95532-CC55-4F0F-BE93-C5E5E3154B6C}.Debug|Any CPU.Build.0 = Debug|Any CPU
		{54C95532-CC55-4F0F-BE93-C5E5E3154B6C}.Release|Any CPU.ActiveCfg = Release|Any CPU
		{54C95532-CC55-4F0F-BE93-C5E5E3154B6C}.Release|Any CPU.Build.0 = Release|Any CPU
		{DECD37BE-FBAC-4648-BC7E-F2B14BC65CB3}.Debug|Any CPU.ActiveCfg = Debug|Any CPU
		{DECD37BE-FBAC-4648-BC7E-F2B14BC65CB3}.Debug|Any CPU.Build.0 = Debug|Any CPU
		{DECD37BE-FBAC-4648-BC7E-F2B14BC65CB3}.Release|Any CPU.ActiveCfg = Release|Any CPU
		{DECD37BE-FBAC-4648-BC7E-F2B14BC65CB3}.Release|Any CPU.Build.0 = Release|Any CPU
		{0638A890-2468-49CC-B3CB-0EDCEC53D694}.Debug|Any CPU.ActiveCfg = Debug|Any CPU
		{0638A890-2468-49CC-B3CB-0EDCEC53D694}.Debug|Any CPU.Build.0 = Debug|Any CPU
		{0638A890-2468-49CC-B3CB-0EDCEC53D694}.Release|Any CPU.ActiveCfg = Release|Any CPU
		{0638A890-2468-49CC-B3CB-0EDCEC53D694}.Release|Any CPU.Build.0 = Release|Any CPU
		{BD0AE947-1750-4FF6-8768-C137164ECC74}.Debug|Any CPU.ActiveCfg = Debug|Any CPU
		{BD0AE947-1750-4FF6-8768-C137164ECC74}.Debug|Any CPU.Build.0 = Debug|Any CPU
		{BD0AE947-1750-4FF6-8768-C137164ECC74}.Release|Any CPU.ActiveCfg = Release|Any CPU
		{BD0AE947-1750-4FF6-8768-C137164ECC74}.Release|Any CPU.Build.0 = Release|Any CPU
	EndGlobalSection
	GlobalSection(SolutionProperties) = preSolution
		HideSolutionNode = FALSE
	EndGlobalSection
EndGlobal
